{
  "object": {
    "pins": [
      {
        "package": "swift-crypto",
        "repositoryURL": "https://github.com/apple/swift-crypto.git",
        "state": {
          "branch": null,
          "revision": "afe4c9b5f65b612a2bd4b1cb5ac70eb5841f278e",
          "version": "1.1.0"
        }
      }
    ]
  },
  "version": 1
}
